
Microsoft Visual Studio Solution File, Format Version 12.00
# Visual Studio Version 16
VisualStudioVersion = 16.0.28803.202
MinimumVisualStudioVersion = 10.0.40219.1
Project("{2150E333-8FDC-42A3-9474-1A3956D46DE8}") = "src", "src", "{7F9899A6-10C3-44BE-8696-EAEA7C2D596B}"
EndProject
Project("{2150E333-8FDC-42A3-9474-1A3956D46DE8}") = "examples", "examples", "{A28464AE-58E0-4BCD-AA19-B65E571DC285}"
EndProject
Project("{9A19103F-16F7-4668-BE54-9A1E7A4F7556}") = "MNIST", "examples\MNIST\MNIST.csproj", "{17E02EF9-EE16-4959-8364-14CD53321D68}"
EndProject
Project("{9A19103F-16F7-4668-BE54-9A1E7A4F7556}") = "ConsoleTest", "examples\ConsoleTest\ConsoleTest.csproj", "{FC8EAC50-7DAA-4B7B-8C25-200C551A3805}"
EndProject
Project("{9A19103F-16F7-4668-BE54-9A1E7A4F7556}") = "ImageClassification", "examples\ImageClassification\ImageClassification.csproj", "{BD77AA9A-BED0-4D51-A767-BE6557767944}"
EndProject
Project("{9A19103F-16F7-4668-BE54-9A1E7A4F7556}") = "MxNet", "src\MxNet\MxNet.csproj", "{12ED5969-7181-4448-ABF2-F099AB4A1F26}"
EndProject
Project("{9A19103F-16F7-4668-BE54-9A1E7A4F7556}") = "BasicExamples", "examples\BasicExamples\BasicExamples.csproj", "{D698FB0D-9DAA-4D59-9872-F6781AC968A9}"
EndProject
Project("{2150E333-8FDC-42A3-9474-1A3956D46DE8}") = "Core", "Core", "{F73F34FE-7479-4C70-B429-34933FD87EC1}"
EndProject
Project("{2150E333-8FDC-42A3-9474-1A3956D46DE8}") = "Tests", "Tests", "{AF961A2A-DB30-4350-93FF-CACD723CAB65}"
EndProject
Project("{FAE04EC0-301F-11D3-BF4B-00C04F79EFBC}") = "MxNet.Tests", "tests\MxNet.Tests\MxNet.Tests.csproj", "{E50C29E4-79AB-4B9F-9F71-EC2AB5CF77FE}"
EndProject
Global
	GlobalSection(SolutionConfigurationPlatforms) = preSolution
		Debug|Any CPU = Debug|Any CPU
		Debug|x64 = Debug|x64
		Release|Any CPU = Release|Any CPU
		Release|x64 = Release|x64
	EndGlobalSection
	GlobalSection(ProjectConfigurationPlatforms) = postSolution
		{17E02EF9-EE16-4959-8364-14CD53321D68}.Debug|Any CPU.ActiveCfg = Debug|Any CPU
		{17E02EF9-EE16-4959-8364-14CD53321D68}.Debug|Any CPU.Build.0 = Debug|Any CPU
		{17E02EF9-EE16-4959-8364-14CD53321D68}.Debug|x64.ActiveCfg = Debug|x64
		{17E02EF9-EE16-4959-8364-14CD53321D68}.Debug|x64.Build.0 = Debug|x64
		{17E02EF9-EE16-4959-8364-14CD53321D68}.Release|Any CPU.ActiveCfg = Release|Any CPU
		{17E02EF9-EE16-4959-8364-14CD53321D68}.Release|Any CPU.Build.0 = Release|Any CPU
		{17E02EF9-EE16-4959-8364-14CD53321D68}.Release|x64.ActiveCfg = Release|x64
		{17E02EF9-EE16-4959-8364-14CD53321D68}.Release|x64.Build.0 = Release|x64
		{FC8EAC50-7DAA-4B7B-8C25-200C551A3805}.Debug|Any CPU.ActiveCfg = Debug|Any CPU
		{FC8EAC50-7DAA-4B7B-8C25-200C551A3805}.Debug|Any CPU.Build.0 = Debug|Any CPU
		{FC8EAC50-7DAA-4B7B-8C25-200C551A3805}.Debug|x64.ActiveCfg = Debug|x64
		{FC8EAC50-7DAA-4B7B-8C25-200C551A3805}.Debug|x64.Build.0 = Debug|x64
		{FC8EAC50-7DAA-4B7B-8C25-200C551A3805}.Release|Any CPU.ActiveCfg = Release|Any CPU
		{FC8EAC50-7DAA-4B7B-8C25-200C551A3805}.Release|Any CPU.Build.0 = Release|Any CPU
		{FC8EAC50-7DAA-4B7B-8C25-200C551A3805}.Release|x64.ActiveCfg = Release|Any CPU
		{FC8EAC50-7DAA-4B7B-8C25-200C551A3805}.Release|x64.Build.0 = Release|Any CPU
		{BD77AA9A-BED0-4D51-A767-BE6557767944}.Debug|Any CPU.ActiveCfg = Debug|Any CPU
		{BD77AA9A-BED0-4D51-A767-BE6557767944}.Debug|Any CPU.Build.0 = Debug|Any CPU
		{BD77AA9A-BED0-4D51-A767-BE6557767944}.Debug|x64.ActiveCfg = Debug|Any CPU
		{BD77AA9A-BED0-4D51-A767-BE6557767944}.Debug|x64.Build.0 = Debug|Any CPU
		{BD77AA9A-BED0-4D51-A767-BE6557767944}.Release|Any CPU.ActiveCfg = Release|Any CPU
		{BD77AA9A-BED0-4D51-A767-BE6557767944}.Release|Any CPU.Build.0 = Release|Any CPU
		{BD77AA9A-BED0-4D51-A767-BE6557767944}.Release|x64.ActiveCfg = Release|Any CPU
		{BD77AA9A-BED0-4D51-A767-BE6557767944}.Release|x64.Build.0 = Release|Any CPU
		{12ED5969-7181-4448-ABF2-F099AB4A1F26}.Debug|Any CPU.ActiveCfg = Debug|Any CPU
		{12ED5969-7181-4448-ABF2-F099AB4A1F26}.Debug|Any CPU.Build.0 = Debug|Any CPU
		{12ED5969-7181-4448-ABF2-F099AB4A1F26}.Debug|x64.ActiveCfg = Debug|x64
		{12ED5969-7181-4448-ABF2-F099AB4A1F26}.Debug|x64.Build.0 = Debug|x64
		{12ED5969-7181-4448-ABF2-F099AB4A1F26}.Release|Any CPU.ActiveCfg = Release|Any CPU
		{12ED5969-7181-4448-ABF2-F099AB4A1F26}.Release|Any CPU.Build.0 = Release|Any CPU
		{12ED5969-7181-4448-ABF2-F099AB4A1F26}.Release|x64.ActiveCfg = Release|x64
		{12ED5969-7181-4448-ABF2-F099AB4A1F26}.Release|x64.Build.0 = Release|x64
		{D698FB0D-9DAA-4D59-9872-F6781AC968A9}.Debug|Any CPU.ActiveCfg = Debug|Any CPU
		{D698FB0D-9DAA-4D59-9872-F6781AC968A9}.Debug|Any CPU.Build.0 = Debug|Any CPU
		{D698FB0D-9DAA-4D59-9872-F6781AC968A9}.Debug|x64.ActiveCfg = Debug|Any CPU
		{D698FB0D-9DAA-4D59-9872-F6781AC968A9}.Debug|x64.Build.0 = Debug|Any CPU
		{D698FB0D-9DAA-4D59-9872-F6781AC968A9}.Release|Any CPU.ActiveCfg = Release|Any CPU
		{D698FB0D-9DAA-4D59-9872-F6781AC968A9}.Release|Any CPU.Build.0 = Release|Any CPU
		{D698FB0D-9DAA-4D59-9872-F6781AC968A9}.Release|x64.ActiveCfg = Release|Any CPU
		{D698FB0D-9DAA-4D59-9872-F6781AC968A9}.Release|x64.Build.0 = Release|Any CPU
		{E50C29E4-79AB-4B9F-9F71-EC2AB5CF77FE}.Debug|Any CPU.ActiveCfg = Debug|Any CPU
		{E50C29E4-79AB-4B9F-9F71-EC2AB5CF77FE}.Debug|Any CPU.Build.0 = Debug|Any CPU
		{E50C29E4-79AB-4B9F-9F71-EC2AB5CF77FE}.Debug|x64.ActiveCfg = Debug|Any CPU
		{E50C29E4-79AB-4B9F-9F71-EC2AB5CF77FE}.Debug|x64.Build.0 = Debug|Any CPU
		{E50C29E4-79AB-4B9F-9F71-EC2AB5CF77FE}.Release|Any CPU.ActiveCfg = Release|Any CPU
		{E50C29E4-79AB-4B9F-9F71-EC2AB5CF77FE}.Release|Any CPU.Build.0 = Release|Any CPU
		{E50C29E4-79AB-4B9F-9F71-EC2AB5CF77FE}.Release|x64.ActiveCfg = Release|Any CPU
		{E50C29E4-79AB-4B9F-9F71-EC2AB5CF77FE}.Release|x64.Build.0 = Release|Any CPU
	EndGlobalSection
	GlobalSection(SolutionProperties) = preSolution
		HideSolutionNode = FALSE
	EndGlobalSection
	GlobalSection(NestedProjects) = preSolution
		{17E02EF9-EE16-4959-8364-14CD53321D68} = {A28464AE-58E0-4BCD-AA19-B65E571DC285}
		{FC8EAC50-7DAA-4B7B-8C25-200C551A3805} = {A28464AE-58E0-4BCD-AA19-B65E571DC285}
		{BD77AA9A-BED0-4D51-A767-BE6557767944} = {A28464AE-58E0-4BCD-AA19-B65E571DC285}
		{12ED5969-7181-4448-ABF2-F099AB4A1F26} = {F73F34FE-7479-4C70-B429-34933FD87EC1}
		{D698FB0D-9DAA-4D59-9872-F6781AC968A9} = {A28464AE-58E0-4BCD-AA19-B65E571DC285}
		{F73F34FE-7479-4C70-B429-34933FD87EC1} = {7F9899A6-10C3-44BE-8696-EAEA7C2D596B}
		{E50C29E4-79AB-4B9F-9F71-EC2AB5CF77FE} = {AF961A2A-DB30-4350-93FF-CACD723CAB65}
	EndGlobalSection
	GlobalSection(ExtensibilityGlobals) = postSolution
		SolutionGuid = {6C75B613-36E0-4042-B237-EB2E76AE1E8C}
	EndGlobalSection
EndGlobal
