// !$*UTF8*$!
{
	archiveVersion = 1;
	classes = {
	};
	objectVersion = 48;
	objects = {

/* Begin PBXBuildFile section */
		963B45551F5935770046A46B /* 1.jpg in Resources */ = {isa = PBXBuildFile; fileRef = 963B45501F5926310046A46B /* 1.jpg */; };
		963B45561F5935770046A46B /* 2.jpg in Resources */ = {isa = PBXBuildFile; fileRef = 963B45511F5926510046A46B /* 2.jpg */; };
		96A7BDC31F548DBE004E5632 /* AppDelegate.swift in Sources */ = {isa = PBXBuildFile; fileRef = 96A7BDC21F548DBE004E5632 /* AppDelegate.swift */; };
		96A7BDC51F548DBE004E5632 /* ViewController.swift in Sources */ = {isa = PBXBuildFile; fileRef = 96A7BDC41F548DBE004E5632 /* ViewController.swift */; };
		96A7BDC81F548DBE004E5632 /* Main.storyboard in Resources */ = {isa = PBXBuildFile; fileRef = 96A7BDC61F548DBE004E5632 /* Main.storyboard */; };
		96A7BDCA1F548DBE004E5632 /* Assets.xcassets in Resources */ = {isa = PBXBuildFile; fileRef = 96A7BDC91F548DBE004E5632 /* Assets.xcassets */; };
		96A7BDCD1F548DBE004E5632 /* LaunchScreen.storyboard in Resources */ = {isa = PBXBuildFile; fileRef = 96A7BDCB1F548DBE004E5632 /* LaunchScreen.storyboard */; };
		96CF10361F5F6AB1006FD013 /* 3.jpg in Resources */ = {isa = PBXBuildFile; fileRef = 963B45521F5926590046A46B /* 3.jpg */; };
/* End PBXBuildFile section */

/* Begin PBXFileReference section */
		963B45501F5926310046A46B /* 1.jpg */ = {isa = PBXFileReference; lastKnownFileType = image.jpeg; path = 1.jpg; sourceTree = "<group>"; };
		963B45511F5926510046A46B /* 2.jpg */ = {isa = PBXFileReference; lastKnownFileType = image.jpeg; path = 2.jpg; sourceTree = "<group>"; };
		963B45521F5926590046A46B /* 3.jpg */ = {isa = PBXFileReference; lastKnownFileType = image.jpeg; path = 3.jpg; sourceTree = "<group>"; };
		96A7BDBF1F548DBE004E5632 /* MXNet2CoreML.app */ = {isa = PBXFileReference; explicitFileType = wrapper.application; includeInIndex = 0; path = MXNet2CoreML.app; sourceTree = BUILT_PRODUCTS_DIR; };
		96A7BDC21F548DBE004E5632 /* AppDelegate.swift */ = {isa = PBXFileReference; lastKnownFileType = sourcecode.swift; path = AppDelegate.swift; sourceTree = "<group>"; };
		96A7BDC41F548DBE004E5632 /* ViewController.swift */ = {isa = PBXFileReference; lastKnownFileType = sourcecode.swift; path = ViewController.swift; sourceTree = "<group>"; };
		96A7BDC71F548DBE004E5632 /* Base */ = {isa = PBXFileReference; lastKnownFileType = file.storyboard; name = Base; path = Base.lproj/Main.storyboard; sourceTree = "<group>"; };
		96A7BDC91F548DBE004E5632 /* Assets.xcassets */ = {isa = PBXFileReference; lastKnownFileType = folder.assetcatalog; path = Assets.xcassets; sourceTree = "<group>"; };
		96A7BDCC1F548DBE004E5632 /* Base */ = {isa = PBXFileReference; lastKnownFileType = file.storyboard; name = Base; path = Base.lproj/LaunchScreen.storyboard; sourceTree = "<group>"; };
		96A7BDCE1F548DBE004E5632 /* Info.plist */ = {isa = PBXFileReference; lastKnownFileType = text.plist.xml; path = Info.plist; sourceTree = "<group>"; };
/* End PBXFileReference section */

/* Begin PBXFrameworksBuildPhase section */
		96A7BDBC1F548DBE004E5632 /* Frameworks */ = {
			isa = PBXFrameworksBuildPhase;
			buildActionMask = 2147483647;
			files = (
			);
			runOnlyForDeploymentPostprocessing = 0;
		};
/* End PBXFrameworksBuildPhase section */

/* Begin PBXGroup section */
		96A7BDB61F548DBE004E5632 = {
			isa = PBXGroup;
			children = (
				96A7BDC11F548DBE004E5632 /* MXNet2CoreML */,
				96A7BDC01F548DBE004E5632 /* Products */,
			);
			sourceTree = "<group>";
		};
		96A7BDC01F548DBE004E5632 /* Products */ = {
			isa = PBXGroup;
			children = (
				96A7BDBF1F548DBE004E5632 /* MXNet2CoreML.app */,
			);
			name = Products;
			sourceTree = "<group>";
		};
		96A7BDC11F548DBE004E5632 /* MXNet2CoreML */ = {
			isa = PBXGroup;
			children = (
				96A7BDC21F548DBE004E5632 /* AppDelegate.swift */,
				96A7BDC41F548DBE004E5632 /* ViewController.swift */,
				96A7BDC61F548DBE004E5632 /* Main.storyboard */,
				963B45501F5926310046A46B /* 1.jpg */,
				963B45511F5926510046A46B /* 2.jpg */,
				963B45521F5926590046A46B /* 3.jpg */,
				96A7BDC91F548DBE004E5632 /* Assets.xcassets */,
				96A7BDCB1F548DBE004E5632 /* LaunchScreen.storyboard */,
				96A7BDCE1F548DBE004E5632 /* Info.plist */,
			);
			path = MXNet2CoreML;
			sourceTree = "<group>";
		};
/* End PBXGroup section */

/* Begin PBXNativeTarget section */
		96A7BDBE1F548DBE004E5632 /* MXNet2CoreML */ = {
			isa = PBXNativeTarget;
			buildConfigurationList = 96A7BDD11F548DBE004E5632 /* Build configuration list for PBXNativeTarget "MXNet2CoreML" */;
			buildPhases = (
				96A7BDBB1F548DBE004E5632 /* Sources */,
				96A7BDBC1F548DBE004E5632 /* Frameworks */,
				96A7BDBD1F548DBE004E5632 /* Resources */,
			);
			buildRules = (
			);
			dependencies = (
			);
			name = MXNet2CoreML;
			productName = MXNet2CoreML;
			productReference = 96A7BDBF1F548DBE004E5632 /* MXNet2CoreML.app */;
			productType = "com.apple.product-type.application";
		};
/* End PBXNativeTarget section */

/* Begin PBXProject section */
		96A7BDB71F548DBE004E5632 /* Project object */ = {
			isa = PBXProject;
			attributes = {
				LastSwiftUpdateCheck = 0900;
				LastUpgradeCheck = 0900;
				ORGANIZATIONNAME = "Sebastien Menant";
				TargetAttributes = {
					96A7BDBE1F548DBE004E5632 = {
						CreatedOnToolsVersion = 9.0;
						ProvisioningStyle = Automatic;
					};
				};
			};
			buildConfigurationList = 96A7BDBA1F548DBE004E5632 /* Build configuration list for PBXProject "MXNet2CoreML" */;
			compatibilityVersion = "Xcode 8.0";
			developmentRegion = en;
			hasScannedForEncodings = 0;
			knownRegions = (
				en,
				Base,
			);
			mainGroup = 96A7BDB61F548DBE004E5632;
			productRefGroup = 96A7BDC01F548DBE004E5632 /* Products */;
			projectDirPath = "";
			projectRoot = "";
			targets = (
				96A7BDBE1F548DBE004E5632 /* MXNet2CoreML */,
			);
		};
/* End PBXProject section */

/* Begin PBXResourcesBuildPhase section */
		96A7BDBD1F548DBE004E5632 /* Resources */ = {
			isa = PBXResourcesBuildPhase;
			buildActionMask = 2147483647;
			files = (
				96A7BDCD1F548DBE004E5632 /* LaunchScreen.storyboard in Resources */,
				963B45551F5935770046A46B /* 1.jpg in Resources */,
				963B45561F5935770046A46B /* 2.jpg in Resources */,
				96CF10361F5F6AB1006FD013 /* 3.jpg in Resources */,
				96A7BDCA1F548DBE004E5632 /* Assets.xcassets in Resources */,
				96A7BDC81F548DBE004E5632 /* Main.storyboard in Resources */,
			);
			runOnlyForDeploymentPostprocessing = 0;
		};
/* End PBXResourcesBuildPhase section */

/* Begin PBXSourcesBuildPhase section */
		96A7BDBB1F548DBE004E5632 /* Sources */ = {
			isa = PBXSourcesBuildPhase;
			buildActionMask = 2147483647;
			files = (
				96A7BDC51F548DBE004E5632 /* ViewController.swift in Sources */,
				96A7BDC31F548DBE004E5632 /* AppDelegate.swift in Sources */,
			);
			runOnlyForDeploymentPostprocessing = 0;
		};
/* End PBXSourcesBuildPhase section */

/* Begin PBXVariantGroup section */
		96A7BDC61F548DBE004E5632 /* Main.storyboard */ = {
			isa = PBXVariantGroup;
			children = (
				96A7BDC71F548DBE004E5632 /* Base */,
			);
			name = Main.storyboard;
			sourceTree = "<group>";
		};
		96A7BDCB1F548DBE004E5632 /* LaunchScreen.storyboard */ = {
			isa = PBXVariantGroup;
			children = (
				96A7BDCC1F548DBE004E5632 /* Base */,
			);
			name = LaunchScreen.storyboard;
			sourceTree = "<group>";
		};
/* End PBXVariantGroup section */

/* Begin XCBuildConfiguration section */
		96A7BDCF1F548DBE004E5632 /* Debug */ = {
			isa = XCBuildConfiguration;
			buildSettings = {
				ALWAYS_SEARCH_USER_PATHS = NO;
				CLANG_ANALYZER_NONNULL = YES;
				CLANG_ANALYZER_NUMBER_OBJECT_CONVERSION = YES_AGGRESSIVE;
				CLANG_CXX_LANGUAGE_STANDARD = "gnu++14";
				CLANG_CXX_LIBRARY = "libc++";
				CLANG_ENABLE_MODULES = YES;
				CLANG_ENABLE_OBJC_ARC = YES;
				CLANG_WARN_BLOCK_CAPTURE_AUTORELEASING = YES;
				CLANG_WARN_BOOL_CONVERSION = YES;
				CLANG_WARN_COMMA = YES;
				CLANG_WARN_CONSTANT_CONVERSION = YES;
				CLANG_WARN_DIRECT_OBJC_ISA_USAGE = YES_ERROR;
				CLANG_WARN_DOCUMENTATION_COMMENTS = YES;
				CLANG_WARN_EMPTY_BODY = YES;
				CLANG_WARN_ENUM_CONVERSION = YES;
				CLANG_WARN_INFINITE_RECURSION = YES;
				CLANG_WARN_INT_CONVERSION = YES;
				CLANG_WARN_NON_LITERAL_NULL_CONVERSION = YES;
				CLANG_WARN_OBJC_LITERAL_CONVERSION = YES;
				CLANG_WARN_OBJC_ROOT_CLASS = YES_ERROR;
				CLANG_WARN_RANGE_LOOP_ANALYSIS = YES;
				CLANG_WARN_STRICT_PROTOTYPES = YES;
				CLANG_WARN_SUSPICIOUS_MOVE = YES;
				CLANG_WARN_UNGUARDED_AVAILABILITY = YES_AGGRESSIVE;
				CLANG_WARN_UNREACHABLE_CODE = YES;
				CLANG_WARN__DUPLICATE_METHOD_MATCH = YES;
				CODE_SIGN_IDENTITY = "iPhone Developer";
				COPY_PHASE_STRIP = NO;
				DEBUG_INFORMATION_FORMAT = dwarf;
				ENABLE_STRICT_OBJC_MSGSEND = YES;
				ENABLE_TESTABILITY = YES;
				GCC_C_LANGUAGE_STANDARD = gnu11;
				GCC_DYNAMIC_NO_PIC = NO;
				GCC_NO_COMMON_BLOCKS = YES;
				GCC_OPTIMIZATION_LEVEL = 0;
				GCC_PREPROCESSOR_DEFINITIONS = (
					"DEBUG=1",
					"$(inherited)",
				);
				GCC_WARN_64_TO_32_BIT_CONVERSION = YES;
				GCC_WARN_ABOUT_RETURN_TYPE = YES_ERROR;
				GCC_WARN_UNDECLARED_SELECTOR = YES;
				GCC_WARN_UNINITIALIZED_AUTOS = YES_AGGRESSIVE;
				GCC_WARN_UNUSED_FUNCTION = YES;
				GCC_WARN_UNUSED_VARIABLE = YES;
				IPHONEOS_DEPLOYMENT_TARGET = 11.0;
				MTL_ENABLE_DEBUG_INFO = YES;
				ONLY_ACTIVE_ARCH = YES;
				SDKROOT = iphoneos;
				SWIFT_ACTIVE_COMPILATION_CONDITIONS = DEBUG;
				SWIFT_OPTIMIZATION_LEVEL = "-Onone";
			};
			name = Debug;
		};
		96A7BDD01F548DBE004E5632 /* Release */ = {
			isa = XCBuildConfiguration;
			buildSettings = {
				ALWAYS_SEARCH_USER_PATHS = NO;
				CLANG_ANALYZER_NONNULL = YES;
				CLANG_ANALYZER_NUMBER_OBJECT_CONVERSION = YES_AGGRESSIVE;
				CLANG_CXX_LANGUAGE_STANDARD = "gnu++14";
				CLANG_CXX_LIBRARY = "libc++";
				CLANG_ENABLE_MODULES = YES;
				CLANG_ENABLE_OBJC_ARC = YES;
				CLANG_WARN_BLOCK_CAPTURE_AUTORELEASING = YES;
				CLANG_WARN_BOOL_CONVERSION = YES;
				CLANG_WARN_COMMA = YES;
				CLANG_WARN_CONSTANT_CONVERSION = YES;
				CLANG_WARN_DIRECT_OBJC_ISA_USAGE = YES_ERROR;
				CLANG_WARN_DOCUMENTATION_COMMENTS = YES;
				CLANG_WARN_EMPTY_BODY = YES;
				CLANG_WARN_ENUM_CONVERSION = YES;
				CLANG_WARN_INFINITE_RECURSION = YES;
				CLANG_WARN_INT_CONVERSION = YES;
				CLANG_WARN_NON_LITERAL_NULL_CONVERSION = YES;
				CLANG_WARN_OBJC_LITERAL_CONVERSION = YES;
				CLANG_WARN_OBJC_ROOT_CLASS = YES_ERROR;
				CLANG_WARN_RANGE_LOOP_ANALYSIS = YES;
				CLANG_WARN_STRICT_PROTOTYPES = YES;
				CLANG_WARN_SUSPICIOUS_MOVE = YES;
				CLANG_WARN_UNGUARDED_AVAILABILITY = YES_AGGRESSIVE;
				CLANG_WARN_UNREACHABLE_CODE = YES;
				CLANG_WARN__DUPLICATE_METHOD_MATCH = YES;
				CODE_SIGN_IDENTITY = "iPhone Developer";
				COPY_PHASE_STRIP = NO;
				DEBUG_INFORMATION_FORMAT = "dwarf-with-dsym";
				ENABLE_NS_ASSERTIONS = NO;
				ENABLE_STRICT_OBJC_MSGSEND = YES;
				GCC_C_LANGUAGE_STANDARD = gnu11;
				GCC_NO_COMMON_BLOCKS = YES;
				GCC_WARN_64_TO_32_BIT_CONVERSION = YES;
				GCC_WARN_ABOUT_RETURN_TYPE = YES_ERROR;
				GCC_WARN_UNDECLARED_SELECTOR = YES;
				GCC_WARN_UNINITIALIZED_AUTOS = YES_AGGRESSIVE;
				GCC_WARN_UNUSED_FUNCTION = YES;
				GCC_WARN_UNUSED_VARIABLE = YES;
				IPHONEOS_DEPLOYMENT_TARGET = 11.0;
				MTL_ENABLE_DEBUG_INFO = NO;
				SDKROOT = iphoneos;
				SWIFT_OPTIMIZATION_LEVEL = "-Owholemodule";
				VALIDATE_PRODUCT = YES;
			};
			name = Release;
		};
		96A7BDD21F548DBE004E5632 /* Debug */ = {
			isa = XCBuildConfiguration;
			buildSettings = {
				ASSETCATALOG_COMPILER_APPICON_NAME = AppIcon;
				CODE_SIGN_STYLE = Automatic;
				DEVELOPMENT_TEAM = 236UEFJFEV;
				INFOPLIST_FILE = MXNet2CoreML/Info.plist;
				LD_RUNPATH_SEARCH_PATHS = "$(inherited) @executable_path/Frameworks";
				PRODUCT_BUNDLE_IDENTIFIER = net.menant.MXNet2CoreML;
				PRODUCT_NAME = "$(TARGET_NAME)";
				SWIFT_VERSION = 4.0;
				TARGETED_DEVICE_FAMILY = "1,2";
			};
			name = Debug;
		};
		96A7BDD31F548DBE004E5632 /* Release */ = {
			isa = XCBuildConfiguration;
			buildSettings = {
				ASSETCATALOG_COMPILER_APPICON_NAME = AppIcon;
				CODE_SIGN_STYLE = Automatic;
				DEVELOPMENT_TEAM = 236UEFJFEV;
				INFOPLIST_FILE = MXNet2CoreML/Info.plist;
				LD_RUNPATH_SEARCH_PATHS = "$(inherited) @executable_path/Frameworks";
				PRODUCT_BUNDLE_IDENTIFIER = net.menant.MXNet2CoreML;
				PRODUCT_NAME = "$(TARGET_NAME)";
				SWIFT_VERSION = 4.0;
				TARGETED_DEVICE_FAMILY = "1,2";
			};
			name = Release;
		};
/* End XCBuildConfiguration section */

/* Begin XCConfigurationList section */
		96A7BDBA1F548DBE004E5632 /* Build configuration list for PBXProject "MXNet2CoreML" */ = {
			isa = XCConfigurationList;
			buildConfigurations = (
				96A7BDCF1F548DBE004E5632 /* Debug */,
				96A7BDD01F548DBE004E5632 /* Release */,
			);
			defaultConfigurationIsVisible = 0;
			defaultConfigurationName = Release;
		};
		96A7BDD11F548DBE004E5632 /* Build configuration list for PBXNativeTarget "MXNet2CoreML" */ = {
			isa = XCConfigurationList;
			buildConfigurations = (
				96A7BDD21F548DBE004E5632 /* Debug */,
				96A7BDD31F548DBE004E5632 /* Release */,
			);
			defaultConfigurationIsVisible = 0;
			defaultConfigurationName = Release;
		};
/* End XCConfigurationList section */
	};
	rootObject = 96A7BDB71F548DBE004E5632 /* Project object */;
}
